
Microsoft Visual Studio Solution File, Format Version 12.00
# Visual Studio Version 17
VisualStudioVersion = 17.0.31903.59
MinimumVisualStudioVersion = 10.0.40219.1
Project("{FAE04EC0-301F-11D3-BF4B-00C04F79EFBC}") = "Main", "Main\Main.csproj", "{8CF9468C-8C83-498B-A457-770EED84EFA9}"
EndProject
Project("{FAE04EC0-301F-11D3-BF4B-00C04F79EFBC}") = "IOperations", "IOperations\IOperations.csproj", "{16CA5B27-2CE4-4858-BEE4-FA025CE8758D}"
EndProject
Global
	GlobalSection(SolutionConfigurationPlatforms) = preSolution
		Debug|Any CPU = Debug|Any CPU
		Release|Any CPU = Release|Any CPU
	EndGlobalSection
	GlobalSection(SolutionProperties) = preSolution
		HideSolutionNode = FALSE
	EndGlobalSection
	GlobalSection(ProjectConfigurationPlatforms) = postSolution
		{8CF9468C-8C83-498B-A457-770EED84EFA9}.Debug|Any CPU.ActiveCfg = Debug|Any CPU
		{8CF9468C-8C83-498B-A457-770EED84EFA9}.Debug|Any CPU.Build.0 = Debug|Any CPU
		{8CF9468C-8C83-498B-A457-770EED84EFA9}.Release|Any CPU.ActiveCfg = Release|Any CPU
		{8CF9468C-8C83-498B-A457-770EED84EFA9}.Release|Any CPU.Build.0 = Release|Any CPU
		{16CA5B27-2CE4-4858-BEE4-FA025CE8758D}.Debug|Any CPU.ActiveCfg = Debug|Any CPU
		{16CA5B27-2CE4-4858-BEE4-FA025CE8758D}.Debug|Any CPU.Build.0 = Debug|Any CPU
		{16CA5B27-2CE4-4858-BEE4-FA025CE8758D}.Release|Any CPU.ActiveCfg = Release|Any CPU
		{16CA5B27-2CE4-4858-BEE4-FA025CE8758D}.Release|Any CPU.Build.0 = Release|Any CPU
	EndGlobalSection
EndGlobal
